
Microsoft Visual Studio Solution File, Format Version 12.00
# Visual Studio Version 16
VisualStudioVersion = 16.0.29806.167
MinimumVisualStudioVersion = 10.0.40219.1
Project("{FAE04EC0-301F-11D3-BF4B-00C04F79EFBC}") = "Number Pyramid", "Number Pyramid\Number Pyramid.csproj", "{24874B8B-F28D-4AB0-B076-E5852A55D982}"
EndProject
Project("{FAE04EC0-301F-11D3-BF4B-00C04F79EFBC}") = "Equal Sums Even Odd Position", "Equal Sums Even Odd Position\Equal Sums Even Odd Position.csproj", "{57F41C16-F15D-42D6-B3A6-60994942C8D4}"
EndProject
Project("{FAE04EC0-301F-11D3-BF4B-00C04F79EFBC}") = "digit sum pr.2", "digit sum pr.2\digit sum pr.2.csproj", "{EA29EE20-3B27-49E7-BB43-7D2C381E5941}"
EndProject
Project("{FAE04EC0-301F-11D3-BF4B-00C04F79EFBC}") = "Sum Prime Non Prime", "Sum Prime Non Prime\Sum Prime Non Prime.csproj", "{5D6C6433-9E4E-431E-8854-FE75B90460B0}"
EndProject
Global
	GlobalSection(SolutionConfigurationPlatforms) = preSolution
		Debug|Any CPU = Debug|Any CPU
		Release|Any CPU = Release|Any CPU
	EndGlobalSection
	GlobalSection(ProjectConfigurationPlatforms) = postSolution
		{24874B8B-F28D-4AB0-B076-E5852A55D982}.Debug|Any CPU.ActiveCfg = Debug|Any CPU
		{24874B8B-F28D-4AB0-B076-E5852A55D982}.Debug|Any CPU.Build.0 = Debug|Any CPU
		{24874B8B-F28D-4AB0-B076-E5852A55D982}.Release|Any CPU.ActiveCfg = Release|Any CPU
		{24874B8B-F28D-4AB0-B076-E5852A55D982}.Release|Any CPU.Build.0 = Release|Any CPU
		{57F41C16-F15D-42D6-B3A6-60994942C8D4}.Debug|Any CPU.ActiveCfg = Debug|Any CPU
		{57F41C16-F15D-42D6-B3A6-60994942C8D4}.Debug|Any CPU.Build.0 = Debug|Any CPU
		{57F41C16-F15D-42D6-B3A6-60994942C8D4}.Release|Any CPU.ActiveCfg = Release|Any CPU
		{57F41C16-F15D-42D6-B3A6-60994942C8D4}.Release|Any CPU.Build.0 = Release|Any CPU
		{EA29EE20-3B27-49E7-BB43-7D2C381E5941}.Debug|Any CPU.ActiveCfg = Debug|Any CPU
		{EA29EE20-3B27-49E7-BB43-7D2C381E5941}.Debug|Any CPU.Build.0 = Debug|Any CPU
		{EA29EE20-3B27-49E7-BB43-7D2C381E5941}.Release|Any CPU.ActiveCfg = Release|Any CPU
		{EA29EE20-3B27-49E7-BB43-7D2C381E5941}.Release|Any CPU.Build.0 = Release|Any CPU
		{5D6C6433-9E4E-431E-8854-FE75B90460B0}.Debug|Any CPU.ActiveCfg = Debug|Any CPU
		{5D6C6433-9E4E-431E-8854-FE75B90460B0}.Debug|Any CPU.Build.0 = Debug|Any CPU
		{5D6C6433-9E4E-431E-8854-FE75B90460B0}.Release|Any CPU.ActiveCfg = Release|Any CPU
		{5D6C6433-9E4E-431E-8854-FE75B90460B0}.Release|Any CPU.Build.0 = Release|Any CPU
	EndGlobalSection
	GlobalSection(SolutionProperties) = preSolution
		HideSolutionNode = FALSE
	EndGlobalSection
	GlobalSection(ExtensibilityGlobals) = postSolution
		SolutionGuid = {40FC19D5-E571-4A8F-B8E2-C73CACC92994}
	EndGlobalSection
EndGlobal
