
Microsoft Visual Studio Solution File, Format Version 12.00
# Visual Studio Version 16
VisualStudioVersion = 16.0.29806.167
MinimumVisualStudioVersion = 10.0.40219.1
Project("{FAE04EC0-301F-11D3-BF4B-00C04F79EFBC}") = "16.3.2020", "16.3.2020\16.3.2020.csproj", "{14C9B1E1-6E91-4C82-B9E7-E25890FE5E25}"
EndProject
Global
	GlobalSection(SolutionConfigurationPlatforms) = preSolution
		Debug|Any CPU = Debug|Any CPU
		Release|Any CPU = Release|Any CPU
	EndGlobalSection
	GlobalSection(ProjectConfigurationPlatforms) = postSolution
		{14C9B1E1-6E91-4C82-B9E7-E25890FE5E25}.Debug|Any CPU.ActiveCfg = Debug|Any CPU
		{14C9B1E1-6E91-4C82-B9E7-E25890FE5E25}.Debug|Any CPU.Build.0 = Debug|Any CPU
		{14C9B1E1-6E91-4C82-B9E7-E25890FE5E25}.Release|Any CPU.ActiveCfg = Release|Any CPU
		{14C9B1E1-6E91-4C82-B9E7-E25890FE5E25}.Release|Any CPU.Build.0 = Release|Any CPU
	EndGlobalSection
	GlobalSection(SolutionProperties) = preSolution
		HideSolutionNode = FALSE
	EndGlobalSection
	GlobalSection(ExtensibilityGlobals) = postSolution
		SolutionGuid = {99BB273F-7858-476E-9049-2B2E8F833F93}
	EndGlobalSection
EndGlobal
